
Microsoft Visual Studio Solution File, Format Version 12.00
# Visual Studio Version 17
VisualStudioVersion = 17.9.34728.123
MinimumVisualStudioVersion = 10.0.40219.1
Project("{FAE04EC0-301F-11D3-BF4B-00C04F79EFBC}") = "Oppgaver 06.05 Cam", "Oppgaver 06.05 Cam\Oppgaver 06.05 Cam.csproj", "{378AFE64-33FD-4D9E-BD1E-6F0C7751920B}"
EndProject
Global
	GlobalSection(SolutionConfigurationPlatforms) = preSolution
		Debug|Any CPU = Debug|Any CPU
		Release|Any CPU = Release|Any CPU
	EndGlobalSection
	GlobalSection(ProjectConfigurationPlatforms) = postSolution
		{378AFE64-33FD-4D9E-BD1E-6F0C7751920B}.Debug|Any CPU.ActiveCfg = Debug|Any CPU
		{378AFE64-33FD-4D9E-BD1E-6F0C7751920B}.Debug|Any CPU.Build.0 = Debug|Any CPU
		{378AFE64-33FD-4D9E-BD1E-6F0C7751920B}.Release|Any CPU.ActiveCfg = Release|Any CPU
		{378AFE64-33FD-4D9E-BD1E-6F0C7751920B}.Release|Any CPU.Build.0 = Release|Any CPU
	EndGlobalSection
	GlobalSection(SolutionProperties) = preSolution
		HideSolutionNode = FALSE
	EndGlobalSection
	GlobalSection(ExtensibilityGlobals) = postSolution
		SolutionGuid = {A428ED4F-5260-464C-9725-732871B037A7}
	EndGlobalSection
EndGlobal
